
Microsoft Visual Studio Solution File, Format Version 12.00
Project("{2150E333-8FDC-42A3-9474-1A3956D46DE8}") = "src", "src", "{D7219AE6-E36B-4CE1-9581-B341751BA4EB}"
	ProjectSection(SolutionItems) = preProject
		src\Directory.Build.props = src\Directory.Build.props
	EndProjectSection
EndProject
Project("{2150E333-8FDC-42A3-9474-1A3956D46DE8}") = "tests", "tests", "{4EE5DDEB-64BD-4BA7-95E6-1C3E82DF1671}"
EndProject
Project("{FAE04EC0-301F-11D3-BF4B-00C04F79EFBC}") = "X.Extensions.Logging.Telegram", "src\X.Extensions.Logging.Telegram\X.Extensions.Logging.Telegram.csproj", "{0E1C0807-2482-4007-B0E0-F87A3A9A2898}"
EndProject
Project("{2150E333-8FDC-42A3-9474-1A3956D46DE8}") = "examples", "examples", "{FE4C92EB-3AE0-4FC2-B2C5-5C94820B1763}"
EndProject
Project("{FAE04EC0-301F-11D3-BF4B-00C04F79EFBC}") = "Example.ConsoleApp.Serilog", "examples\Example.ConsoleApp.Serilog\Example.ConsoleApp.Serilog.csproj", "{0CB25DBB-1659-4BE3-AE19-189ED5808E74}"
EndProject
Project("{FAE04EC0-301F-11D3-BF4B-00C04F79EFBC}") = "Example.WebApp.Serilog ", "examples\Example.WebApp.Serilog \Example.WebApp.Serilog .csproj", "{AED236EF-E9D0-4820-8CB7-D35F8EE6AB6F}"
EndProject
Project("{FAE04EC0-301F-11D3-BF4B-00C04F79EFBC}") = "X.Extensions.Logging.Telegram.Tests", "tests\X.Extensions.Logging.Telegram.Tests\X.Extensions.Logging.Telegram.Tests.csproj", "{0B272B65-A497-4646-9FD6-096B9FAE4724}"
EndProject
Project("{FAE04EC0-301F-11D3-BF4B-00C04F79EFBC}") = "X.Extensions.Serilog.Sinks.Telegram", "src\X.Extensions.Serilog.Sinks.Telegram\X.Extensions.Serilog.Sinks.Telegram.csproj", "{8EDE2B45-DA1A-4AF4-B166-B8F202841C6F}"
EndProject
Project("{FAE04EC0-301F-11D3-BF4B-00C04F79EFBC}") = "Example.ConsoleApp", "examples\Example.ConsoleApp\Example.ConsoleApp.csproj", "{E5310BBD-2D37-4A1A-9235-46968F27CCE7}"
EndProject
Project("{FAE04EC0-301F-11D3-BF4B-00C04F79EFBC}") = "Example.WebApp", "examples\Example.WebApp\Example.WebApp.csproj", "{6D57746A-2A87-4511-8BB2-2C92DBBAA0BA}"
EndProject
Global
	GlobalSection(SolutionConfigurationPlatforms) = preSolution
		Debug|Any CPU = Debug|Any CPU
		Release|Any CPU = Release|Any CPU
	EndGlobalSection
	GlobalSection(ProjectConfigurationPlatforms) = postSolution
		{0E1C0807-2482-4007-B0E0-F87A3A9A2898}.Debug|Any CPU.ActiveCfg = Debug|Any CPU
		{0E1C0807-2482-4007-B0E0-F87A3A9A2898}.Debug|Any CPU.Build.0 = Debug|Any CPU
		{0E1C0807-2482-4007-B0E0-F87A3A9A2898}.Release|Any CPU.ActiveCfg = Release|Any CPU
		{0E1C0807-2482-4007-B0E0-F87A3A9A2898}.Release|Any CPU.Build.0 = Release|Any CPU
		{0CB25DBB-1659-4BE3-AE19-189ED5808E74}.Debug|Any CPU.ActiveCfg = Debug|Any CPU
		{0CB25DBB-1659-4BE3-AE19-189ED5808E74}.Debug|Any CPU.Build.0 = Debug|Any CPU
		{0CB25DBB-1659-4BE3-AE19-189ED5808E74}.Release|Any CPU.ActiveCfg = Release|Any CPU
		{0CB25DBB-1659-4BE3-AE19-189ED5808E74}.Release|Any CPU.Build.0 = Release|Any CPU
		{AED236EF-E9D0-4820-8CB7-D35F8EE6AB6F}.Debug|Any CPU.ActiveCfg = Debug|Any CPU
		{AED236EF-E9D0-4820-8CB7-D35F8EE6AB6F}.Debug|Any CPU.Build.0 = Debug|Any CPU
		{AED236EF-E9D0-4820-8CB7-D35F8EE6AB6F}.Release|Any CPU.ActiveCfg = Release|Any CPU
		{AED236EF-E9D0-4820-8CB7-D35F8EE6AB6F}.Release|Any CPU.Build.0 = Release|Any CPU
		{0B272B65-A497-4646-9FD6-096B9FAE4724}.Debug|Any CPU.ActiveCfg = Debug|Any CPU
		{0B272B65-A497-4646-9FD6-096B9FAE4724}.Debug|Any CPU.Build.0 = Debug|Any CPU
		{0B272B65-A497-4646-9FD6-096B9FAE4724}.Release|Any CPU.ActiveCfg = Release|Any CPU
		{0B272B65-A497-4646-9FD6-096B9FAE4724}.Release|Any CPU.Build.0 = Release|Any CPU
		{8EDE2B45-DA1A-4AF4-B166-B8F202841C6F}.Debug|Any CPU.ActiveCfg = Debug|Any CPU
		{8EDE2B45-DA1A-4AF4-B166-B8F202841C6F}.Debug|Any CPU.Build.0 = Debug|Any CPU
		{8EDE2B45-DA1A-4AF4-B166-B8F202841C6F}.Release|Any CPU.ActiveCfg = Release|Any CPU
		{8EDE2B45-DA1A-4AF4-B166-B8F202841C6F}.Release|Any CPU.Build.0 = Release|Any CPU
		{E5310BBD-2D37-4A1A-9235-46968F27CCE7}.Debug|Any CPU.ActiveCfg = Debug|Any CPU
		{E5310BBD-2D37-4A1A-9235-46968F27CCE7}.Debug|Any CPU.Build.0 = Debug|Any CPU
		{E5310BBD-2D37-4A1A-9235-46968F27CCE7}.Release|Any CPU.ActiveCfg = Release|Any CPU
		{E5310BBD-2D37-4A1A-9235-46968F27CCE7}.Release|Any CPU.Build.0 = Release|Any CPU
		{6D57746A-2A87-4511-8BB2-2C92DBBAA0BA}.Debug|Any CPU.ActiveCfg = Debug|Any CPU
		{6D57746A-2A87-4511-8BB2-2C92DBBAA0BA}.Debug|Any CPU.Build.0 = Debug|Any CPU
		{6D57746A-2A87-4511-8BB2-2C92DBBAA0BA}.Release|Any CPU.ActiveCfg = Release|Any CPU
		{6D57746A-2A87-4511-8BB2-2C92DBBAA0BA}.Release|Any CPU.Build.0 = Release|Any CPU
	EndGlobalSection
	GlobalSection(NestedProjects) = preSolution
		{0E1C0807-2482-4007-B0E0-F87A3A9A2898} = {D7219AE6-E36B-4CE1-9581-B341751BA4EB}
		{0CB25DBB-1659-4BE3-AE19-189ED5808E74} = {FE4C92EB-3AE0-4FC2-B2C5-5C94820B1763}
		{AED236EF-E9D0-4820-8CB7-D35F8EE6AB6F} = {FE4C92EB-3AE0-4FC2-B2C5-5C94820B1763}
		{0B272B65-A497-4646-9FD6-096B9FAE4724} = {4EE5DDEB-64BD-4BA7-95E6-1C3E82DF1671}
		{8EDE2B45-DA1A-4AF4-B166-B8F202841C6F} = {D7219AE6-E36B-4CE1-9581-B341751BA4EB}
		{E5310BBD-2D37-4A1A-9235-46968F27CCE7} = {FE4C92EB-3AE0-4FC2-B2C5-5C94820B1763}
		{6D57746A-2A87-4511-8BB2-2C92DBBAA0BA} = {FE4C92EB-3AE0-4FC2-B2C5-5C94820B1763}
	EndGlobalSection
EndGlobal
