
Microsoft Visual Studio Solution File, Format Version 12.00
Project("{2150E333-8FDC-42A3-9474-1A3956D46DE8}") = "src", "src", "{652C6F31-3E8C-400E-9716-ACF591E48E6F}"
EndProject
Project("{FAE04EC0-301F-11D3-BF4B-00C04F79EFBC}") = "X.Serilog.Sinks.Telegram", "src\X.Serilog.Sinks.Telegram\X.Serilog.Sinks.Telegram.csproj", "{807F309C-4CE3-4E68-8D46-9044A0A7BD6A}"
EndProject
Project("{2150E333-8FDC-42A3-9474-1A3956D46DE8}") = "examples", "examples", "{4A2DA76C-10DE-476D-A26E-16FAB3CBFC8C}"
EndProject
Project("{FAE04EC0-301F-11D3-BF4B-00C04F79EFBC}") = "WebApp", "examples\WebApp\WebApp.csproj", "{15736D36-94A1-4E3F-8A5F-EFEFE27F1995}"
EndProject
Project("{FAE04EC0-301F-11D3-BF4B-00C04F79EFBC}") = "ConsoleApp", "examples\ConsoleApp\ConsoleApp.csproj", "{D007F793-195D-448A-A34E-74EF0245F9D3}"
EndProject
Global
	GlobalSection(SolutionConfigurationPlatforms) = preSolution
		Debug|Any CPU = Debug|Any CPU
		Release|Any CPU = Release|Any CPU
	EndGlobalSection
	GlobalSection(ProjectConfigurationPlatforms) = postSolution
		{807F309C-4CE3-4E68-8D46-9044A0A7BD6A}.Debug|Any CPU.ActiveCfg = Debug|Any CPU
		{807F309C-4CE3-4E68-8D46-9044A0A7BD6A}.Debug|Any CPU.Build.0 = Debug|Any CPU
		{807F309C-4CE3-4E68-8D46-9044A0A7BD6A}.Release|Any CPU.ActiveCfg = Release|Any CPU
		{807F309C-4CE3-4E68-8D46-9044A0A7BD6A}.Release|Any CPU.Build.0 = Release|Any CPU
		{15736D36-94A1-4E3F-8A5F-EFEFE27F1995}.Debug|Any CPU.ActiveCfg = Debug|Any CPU
		{15736D36-94A1-4E3F-8A5F-EFEFE27F1995}.Debug|Any CPU.Build.0 = Debug|Any CPU
		{15736D36-94A1-4E3F-8A5F-EFEFE27F1995}.Release|Any CPU.ActiveCfg = Release|Any CPU
		{15736D36-94A1-4E3F-8A5F-EFEFE27F1995}.Release|Any CPU.Build.0 = Release|Any CPU
		{D007F793-195D-448A-A34E-74EF0245F9D3}.Debug|Any CPU.ActiveCfg = Debug|Any CPU
		{D007F793-195D-448A-A34E-74EF0245F9D3}.Debug|Any CPU.Build.0 = Debug|Any CPU
		{D007F793-195D-448A-A34E-74EF0245F9D3}.Release|Any CPU.ActiveCfg = Release|Any CPU
		{D007F793-195D-448A-A34E-74EF0245F9D3}.Release|Any CPU.Build.0 = Release|Any CPU
	EndGlobalSection
	GlobalSection(NestedProjects) = preSolution
		{807F309C-4CE3-4E68-8D46-9044A0A7BD6A} = {652C6F31-3E8C-400E-9716-ACF591E48E6F}
		{15736D36-94A1-4E3F-8A5F-EFEFE27F1995} = {4A2DA76C-10DE-476D-A26E-16FAB3CBFC8C}
		{D007F793-195D-448A-A34E-74EF0245F9D3} = {4A2DA76C-10DE-476D-A26E-16FAB3CBFC8C}
	EndGlobalSection
EndGlobal
